
Microsoft Visual Studio Solution File, Format Version 12.00
# Visual Studio Version 17
VisualStudioVersion = 17.11.35312.102
MinimumVisualStudioVersion = 10.0.40219.1
Project("{FAE04EC0-301F-11D3-BF4B-00C04F79EFBC}") = "CRUD-WEB", "CRUD-WEB\CRUD-WEB.csproj", "{D7B88D1B-DE50-4130-BDE8-A9C878D23FAE}"
EndProject
Global
	GlobalSection(SolutionConfigurationPlatforms) = preSolution
		Debug|Any CPU = Debug|Any CPU
		Release|Any CPU = Release|Any CPU
	EndGlobalSection
	GlobalSection(ProjectConfigurationPlatforms) = postSolution
		{D7B88D1B-DE50-4130-BDE8-A9C878D23FAE}.Debug|Any CPU.ActiveCfg = Debug|Any CPU
		{D7B88D1B-DE50-4130-BDE8-A9C878D23FAE}.Debug|Any CPU.Build.0 = Debug|Any CPU
		{D7B88D1B-DE50-4130-BDE8-A9C878D23FAE}.Release|Any CPU.ActiveCfg = Release|Any CPU
		{D7B88D1B-DE50-4130-BDE8-A9C878D23FAE}.Release|Any CPU.Build.0 = Release|Any CPU
	EndGlobalSection
	GlobalSection(SolutionProperties) = preSolution
		HideSolutionNode = FALSE
	EndGlobalSection
	GlobalSection(ExtensibilityGlobals) = postSolution
		SolutionGuid = {312365F5-E857-4098-A7FB-B00E1DF1DD0A}
	EndGlobalSection
EndGlobal
